
Microsoft Visual Studio Solution File, Format Version 12.00
# Visual Studio Version 17
VisualStudioVersion = 17.12.35707.178 d17.12
MinimumVisualStudioVersion = 10.0.40219.1
Project("{FAE04EC0-301F-11D3-BF4B-00C04F79EFBC}") = "CrediMaster", "CrediMaster.csproj", "{81755C3E-41E6-4E47-A90C-4D03144C400F}"
EndProject
Global
	GlobalSection(SolutionConfigurationPlatforms) = preSolution
		Debug|Any CPU = Debug|Any CPU
		Release|Any CPU = Release|Any CPU
	EndGlobalSection
	GlobalSection(ProjectConfigurationPlatforms) = postSolution
		{81755C3E-41E6-4E47-A90C-4D03144C400F}.Debug|Any CPU.ActiveCfg = Debug|Any CPU
		{81755C3E-41E6-4E47-A90C-4D03144C400F}.Debug|Any CPU.Build.0 = Debug|Any CPU
		{81755C3E-41E6-4E47-A90C-4D03144C400F}.Release|Any CPU.ActiveCfg = Release|Any CPU
		{81755C3E-41E6-4E47-A90C-4D03144C400F}.Release|Any CPU.Build.0 = Release|Any CPU
	EndGlobalSection
	GlobalSection(SolutionProperties) = preSolution
		HideSolutionNode = FALSE
	EndGlobalSection
EndGlobal
